# This file is automatically @generated by Cargo.
# It is not intended for manual editing.
[[package]]
name = "stn"
version = "1.0.0"
dependencies = [
 "unicase 2.5.1 (registry+https://github.com/rust-lang/crates.io-index)",
]

[[package]]
name = "unicase"
version = "2.5.1"
source = "registry+https://github.com/rust-lang/crates.io-index"
dependencies = [
 "version_check 0.1.5 (registry+https://github.com/rust-lang/crates.io-index)",
]

[[package]]
name = "version_check"
version = "0.1.5"
source = "registry+https://github.com/rust-lang/crates.io-index"

[metadata]
"checksum unicase 2.5.1 (registry+https://github.com/rust-lang/crates.io-index)" = "2e2e6bd1e59e56598518beb94fd6db628ded570326f0a98c679a304bd9f00150"
"checksum version_check 0.1.5 (registry+https://github.com/rust-lang/crates.io-index)" = "914b1a6776c4c929a602fafd8bc742e06365d4bcbe48c30f9cca5824f70dc9dd"
